
Microsoft Visual Studio Solution File, Format Version 12.00
# Visual Studio Version 16
VisualStudioVersion = 16.0.31624.102
MinimumVisualStudioVersion = 10.0.40219.1
Project("{FAE04EC0-301F-11D3-BF4B-00C04F79EFBC}") = "lab5", "lab5\lab5.csproj", "{36F0710A-B487-4384-BE40-45462614A10B}"
EndProject
Global
	GlobalSection(SolutionConfigurationPlatforms) = preSolution
		Debug|Any CPU = Debug|Any CPU
		Release|Any CPU = Release|Any CPU
	EndGlobalSection
	GlobalSection(ProjectConfigurationPlatforms) = postSolution
		{36F0710A-B487-4384-BE40-45462614A10B}.Debug|Any CPU.ActiveCfg = Debug|Any CPU
		{36F0710A-B487-4384-BE40-45462614A10B}.Debug|Any CPU.Build.0 = Debug|Any CPU
		{36F0710A-B487-4384-BE40-45462614A10B}.Release|Any CPU.ActiveCfg = Release|Any CPU
		{36F0710A-B487-4384-BE40-45462614A10B}.Release|Any CPU.Build.0 = Release|Any CPU
	EndGlobalSection
	GlobalSection(SolutionProperties) = preSolution
		HideSolutionNode = FALSE
	EndGlobalSection
	GlobalSection(ExtensibilityGlobals) = postSolution
		SolutionGuid = {F275D741-D8EB-4C54-A751-1ED3CA73532C}
	EndGlobalSection
EndGlobal
